
Microsoft Visual Studio Solution File, Format Version 12.00
# Visual Studio Version 16
VisualStudioVersion = 16.0.32126.315
MinimumVisualStudioVersion = 10.0.40219.1
Project("{FAE04EC0-301F-11D3-BF4B-00C04F79EFBC}") = "Web410919954", "Web410919954\Web410919954.csproj", "{9297BE19-7EF6-49C0-8CC8-830DBDD6DEBA}"
EndProject
Global
	GlobalSection(SolutionConfigurationPlatforms) = preSolution
		Debug|Any CPU = Debug|Any CPU
		Release|Any CPU = Release|Any CPU
	EndGlobalSection
	GlobalSection(ProjectConfigurationPlatforms) = postSolution
		{9297BE19-7EF6-49C0-8CC8-830DBDD6DEBA}.Debug|Any CPU.ActiveCfg = Debug|Any CPU
		{9297BE19-7EF6-49C0-8CC8-830DBDD6DEBA}.Debug|Any CPU.Build.0 = Debug|Any CPU
		{9297BE19-7EF6-49C0-8CC8-830DBDD6DEBA}.Release|Any CPU.ActiveCfg = Release|Any CPU
		{9297BE19-7EF6-49C0-8CC8-830DBDD6DEBA}.Release|Any CPU.Build.0 = Release|Any CPU
	EndGlobalSection
	GlobalSection(SolutionProperties) = preSolution
		HideSolutionNode = FALSE
	EndGlobalSection
	GlobalSection(ExtensibilityGlobals) = postSolution
		SolutionGuid = {A18D6A07-D174-42FC-A838-84C5F192CCB7}
	EndGlobalSection
EndGlobal
